// !$*UTF8*$!
{
	archiveVersion = 1;
	classes = {
	};
	objectVersion = 56;
	objects = {

/* Begin PBXBuildFile section */
		CA02731F2B2471720086C353 /* WebOSTargetProtocol.swift in Sources */ = {isa = PBXBuildFile; fileRef = CA02731E2B2471720086C353 /* WebOSTargetProtocol.swift */; };
		CA0273222B2471C10086C353 /* WebOSTargetExtension.swift in Sources */ = {isa = PBXBuildFile; fileRef = CA0273212B2471C10086C353 /* WebOSTargetExtension.swift */; };
		CA0273252B24723B0086C353 /* WebOSClientProtocol.swift in Sources */ = {isa = PBXBuildFile; fileRef = CA0273242B24723B0086C353 /* WebOSClientProtocol.swift */; };
		CA0273282B2472600086C353 /* WebOSClientDelegate.swift in Sources */ = {isa = PBXBuildFile; fileRef = CA0273272B2472600086C353 /* WebOSClientDelegate.swift */; };
		CA02732B2B24729F0086C353 /* WebOSClient+URLSessionDelegate.swift in Sources */ = {isa = PBXBuildFile; fileRef = CA02732A2B24729F0086C353 /* WebOSClient+URLSessionDelegate.swift */; };
		CA02732F2B24C86F0086C353 /* WebOSResponseVolumeStatus.swift in Sources */ = {isa = PBXBuildFile; fileRef = CA02732E2B24C86F0086C353 /* WebOSResponseVolumeStatus.swift */; };
		CA033FAC2B28ACE000445041 /* WebOSResponseApplication.swift in Sources */ = {isa = PBXBuildFile; fileRef = CA033FAB2B28ACE000445041 /* WebOSResponseApplication.swift */; };
		CA033FAE2B30060300445041 /* Codable.swift in Sources */ = {isa = PBXBuildFile; fileRef = CA033FAD2B30060300445041 /* Codable.swift */; };
		CA033FB42B30448600445041 /* WebOSKeyTarget.swift in Sources */ = {isa = PBXBuildFile; fileRef = CA033FB32B30448600445041 /* WebOSKeyTarget.swift */; };
		CA033FB62B3044F800445041 /* WebOSKeyTargetProtocol.swift in Sources */ = {isa = PBXBuildFile; fileRef = CA033FB52B3044F800445041 /* WebOSKeyTargetProtocol.swift */; };
		CA033FB82B30454500445041 /* WebOSKeyTargetExtension.swift in Sources */ = {isa = PBXBuildFile; fileRef = CA033FB72B30454500445041 /* WebOSKeyTargetExtension.swift */; };
		CA11DA9C2B256ED000994FCA /* SoundOutputType.swift in Sources */ = {isa = PBXBuildFile; fileRef = CA11DA9B2B256ED000994FCA /* SoundOutputType.swift */; };
		CA30AC5C2B2019CD00254F4F /* WebOSResponse.swift in Sources */ = {isa = PBXBuildFile; fileRef = CA30AC5B2B2019CD00254F4F /* WebOSResponse.swift */; };
		CA30AC602B2019FD00254F4F /* WebOSRequestManifest.swift in Sources */ = {isa = PBXBuildFile; fileRef = CA30AC5F2B2019FD00254F4F /* WebOSRequestManifest.swift */; };
		CA30AC622B201A1F00254F4F /* WebOSRequestSignature.swift in Sources */ = {isa = PBXBuildFile; fileRef = CA30AC612B201A1F00254F4F /* WebOSRequestSignature.swift */; };
		CA30AC642B201A3D00254F4F /* WebOSRequestSigned.swift in Sources */ = {isa = PBXBuildFile; fileRef = CA30AC632B201A3D00254F4F /* WebOSRequestSigned.swift */; };
		CA30AC662B201A7800254F4F /* WebOSRequestPayload.swift in Sources */ = {isa = PBXBuildFile; fileRef = CA30AC652B201A7800254F4F /* WebOSRequestPayload.swift */; };
		CA30AC682B201B1000254F4F /* WebOSResponsePayload.swift in Sources */ = {isa = PBXBuildFile; fileRef = CA30AC672B201B1000254F4F /* WebOSResponsePayload.swift */; };
		CA4C2F442B232D5800A218D4 /* ResponseType.swift in Sources */ = {isa = PBXBuildFile; fileRef = CA4C2F432B232D5800A218D4 /* ResponseType.swift */; };
		CA76C1972B1AFE6D000B451C /* WebOSRequest.swift in Sources */ = {isa = PBXBuildFile; fileRef = CA76C1962B1AFE6D000B451C /* WebOSRequest.swift */; };
		CA76C1A12B1F5931000B451C /* String.swift in Sources */ = {isa = PBXBuildFile; fileRef = CA76C1A02B1F5931000B451C /* String.swift */; };
		CA76C1A32B20A779000B451C /* WebOSTarget.swift in Sources */ = {isa = PBXBuildFile; fileRef = CA76C1A22B20A779000B451C /* WebOSTarget.swift */; };
		CA9403142B1785AA00260910 /* main.swift in Sources */ = {isa = PBXBuildFile; fileRef = CA9403132B1785AA00260910 /* main.swift */; };
		CA94031D2B17864700260910 /* WebOSClient.swift in Sources */ = {isa = PBXBuildFile; fileRef = CA94031C2B17864700260910 /* WebOSClient.swift */; };
		CAA0AF882B21FAAB00A8E578 /* Message.swift in Sources */ = {isa = PBXBuildFile; fileRef = CAA0AF872B21FAAB00A8E578 /* Message.swift */; };
		CAA0AF8A2B2367DF00A8E578 /* RequestType.swift in Sources */ = {isa = PBXBuildFile; fileRef = CAA0AF892B2367DF00A8E578 /* RequestType.swift */; };
/* End PBXBuildFile section */

/* Begin PBXCopyFilesBuildPhase section */
		CA94030E2B1785AA00260910 /* CopyFiles */ = {
			isa = PBXCopyFilesBuildPhase;
			buildActionMask = 2147483647;
			dstPath = /usr/share/man/man1/;
			dstSubfolderSpec = 0;
			files = (
			);
			runOnlyForDeploymentPostprocessing = 1;
		};
/* End PBXCopyFilesBuildPhase section */

/* Begin PBXFileReference section */
		CA02731E2B2471720086C353 /* WebOSTargetProtocol.swift */ = {isa = PBXFileReference; lastKnownFileType = sourcecode.swift; path = WebOSTargetProtocol.swift; sourceTree = "<group>"; };
		CA0273212B2471C10086C353 /* WebOSTargetExtension.swift */ = {isa = PBXFileReference; lastKnownFileType = sourcecode.swift; path = WebOSTargetExtension.swift; sourceTree = "<group>"; };
		CA0273242B24723B0086C353 /* WebOSClientProtocol.swift */ = {isa = PBXFileReference; lastKnownFileType = sourcecode.swift; path = WebOSClientProtocol.swift; sourceTree = "<group>"; };
		CA0273272B2472600086C353 /* WebOSClientDelegate.swift */ = {isa = PBXFileReference; lastKnownFileType = sourcecode.swift; path = WebOSClientDelegate.swift; sourceTree = "<group>"; };
		CA02732A2B24729F0086C353 /* WebOSClient+URLSessionDelegate.swift */ = {isa = PBXFileReference; lastKnownFileType = sourcecode.swift; path = "WebOSClient+URLSessionDelegate.swift"; sourceTree = "<group>"; };
		CA02732E2B24C86F0086C353 /* WebOSResponseVolumeStatus.swift */ = {isa = PBXFileReference; lastKnownFileType = sourcecode.swift; path = WebOSResponseVolumeStatus.swift; sourceTree = "<group>"; };
		CA033FAB2B28ACE000445041 /* WebOSResponseApplication.swift */ = {isa = PBXFileReference; lastKnownFileType = sourcecode.swift; path = WebOSResponseApplication.swift; sourceTree = "<group>"; };
		CA033FAD2B30060300445041 /* Codable.swift */ = {isa = PBXFileReference; lastKnownFileType = sourcecode.swift; path = Codable.swift; sourceTree = "<group>"; };
		CA033FB32B30448600445041 /* WebOSKeyTarget.swift */ = {isa = PBXFileReference; lastKnownFileType = sourcecode.swift; path = WebOSKeyTarget.swift; sourceTree = "<group>"; };
		CA033FB52B3044F800445041 /* WebOSKeyTargetProtocol.swift */ = {isa = PBXFileReference; lastKnownFileType = sourcecode.swift; path = WebOSKeyTargetProtocol.swift; sourceTree = "<group>"; };
		CA033FB72B30454500445041 /* WebOSKeyTargetExtension.swift */ = {isa = PBXFileReference; lastKnownFileType = sourcecode.swift; path = WebOSKeyTargetExtension.swift; sourceTree = "<group>"; };
		CA11DA9B2B256ED000994FCA /* SoundOutputType.swift */ = {isa = PBXFileReference; lastKnownFileType = sourcecode.swift; path = SoundOutputType.swift; sourceTree = "<group>"; };
		CA30AC5B2B2019CD00254F4F /* WebOSResponse.swift */ = {isa = PBXFileReference; lastKnownFileType = sourcecode.swift; path = WebOSResponse.swift; sourceTree = "<group>"; };
		CA30AC5F2B2019FD00254F4F /* WebOSRequestManifest.swift */ = {isa = PBXFileReference; lastKnownFileType = sourcecode.swift; path = WebOSRequestManifest.swift; sourceTree = "<group>"; };
		CA30AC612B201A1F00254F4F /* WebOSRequestSignature.swift */ = {isa = PBXFileReference; lastKnownFileType = sourcecode.swift; path = WebOSRequestSignature.swift; sourceTree = "<group>"; };
		CA30AC632B201A3D00254F4F /* WebOSRequestSigned.swift */ = {isa = PBXFileReference; lastKnownFileType = sourcecode.swift; path = WebOSRequestSigned.swift; sourceTree = "<group>"; };
		CA30AC652B201A7800254F4F /* WebOSRequestPayload.swift */ = {isa = PBXFileReference; lastKnownFileType = sourcecode.swift; path = WebOSRequestPayload.swift; sourceTree = "<group>"; };
		CA30AC672B201B1000254F4F /* WebOSResponsePayload.swift */ = {isa = PBXFileReference; lastKnownFileType = sourcecode.swift; path = WebOSResponsePayload.swift; sourceTree = "<group>"; };
		CA4C2F432B232D5800A218D4 /* ResponseType.swift */ = {isa = PBXFileReference; lastKnownFileType = sourcecode.swift; path = ResponseType.swift; sourceTree = "<group>"; };
		CA76C1962B1AFE6D000B451C /* WebOSRequest.swift */ = {isa = PBXFileReference; lastKnownFileType = sourcecode.swift; path = WebOSRequest.swift; sourceTree = "<group>"; };
		CA76C1A02B1F5931000B451C /* String.swift */ = {isa = PBXFileReference; lastKnownFileType = sourcecode.swift; path = String.swift; sourceTree = "<group>"; };
		CA76C1A22B20A779000B451C /* WebOSTarget.swift */ = {isa = PBXFileReference; lastKnownFileType = sourcecode.swift; path = WebOSTarget.swift; sourceTree = "<group>"; };
		CA9403102B1785AA00260910 /* WebOSTV */ = {isa = PBXFileReference; explicitFileType = "compiled.mach-o.executable"; includeInIndex = 0; path = WebOSTV; sourceTree = BUILT_PRODUCTS_DIR; };
		CA9403132B1785AA00260910 /* main.swift */ = {isa = PBXFileReference; lastKnownFileType = sourcecode.swift; path = main.swift; sourceTree = "<group>"; };
		CA94031C2B17864700260910 /* WebOSClient.swift */ = {isa = PBXFileReference; lastKnownFileType = sourcecode.swift; path = WebOSClient.swift; sourceTree = "<group>"; };
		CAA0AF872B21FAAB00A8E578 /* Message.swift */ = {isa = PBXFileReference; lastKnownFileType = sourcecode.swift; path = Message.swift; sourceTree = "<group>"; };
		CAA0AF892B2367DF00A8E578 /* RequestType.swift */ = {isa = PBXFileReference; lastKnownFileType = sourcecode.swift; path = RequestType.swift; sourceTree = "<group>"; };
/* End PBXFileReference section */

/* Begin PBXFrameworksBuildPhase section */
		CA94030D2B1785AA00260910 /* Frameworks */ = {
			isa = PBXFrameworksBuildPhase;
			buildActionMask = 2147483647;
			files = (
			);
			runOnlyForDeploymentPostprocessing = 0;
		};
/* End PBXFrameworksBuildPhase section */

/* Begin PBXGroup section */
		CA02731C2B2470ED0086C353 /* Types */ = {
			isa = PBXGroup;
			children = (
				CA11DA9B2B256ED000994FCA /* SoundOutputType.swift */,
				CAA0AF892B2367DF00A8E578 /* RequestType.swift */,
				CA4C2F432B232D5800A218D4 /* ResponseType.swift */,
			);
			path = Types;
			sourceTree = "<group>";
		};
		CA02731D2B2471080086C353 /* Targets */ = {
			isa = PBXGroup;
			children = (
				CA0273232B2471D00086C353 /* Extensions */,
				CA0273202B2471920086C353 /* Protocols */,
				CA033FB32B30448600445041 /* WebOSKeyTarget.swift */,
				CA76C1A22B20A779000B451C /* WebOSTarget.swift */,
			);
			path = Targets;
			sourceTree = "<group>";
		};
		CA0273202B2471920086C353 /* Protocols */ = {
			isa = PBXGroup;
			children = (
				CA02731E2B2471720086C353 /* WebOSTargetProtocol.swift */,
				CA033FB52B3044F800445041 /* WebOSKeyTargetProtocol.swift */,
			);
			path = Protocols;
			sourceTree = "<group>";
		};
		CA0273232B2471D00086C353 /* Extensions */ = {
			isa = PBXGroup;
			children = (
				CA033FB72B30454500445041 /* WebOSKeyTargetExtension.swift */,
				CA0273212B2471C10086C353 /* WebOSTargetExtension.swift */,
			);
			path = Extensions;
			sourceTree = "<group>";
		};
		CA0273262B2472470086C353 /* Protocols */ = {
			isa = PBXGroup;
			children = (
				CA0273242B24723B0086C353 /* WebOSClientProtocol.swift */,
				CA0273272B2472600086C353 /* WebOSClientDelegate.swift */,
			);
			path = Protocols;
			sourceTree = "<group>";
		};
		CA0273292B24727B0086C353 /* Helpers */ = {
			isa = PBXGroup;
			children = (
				CA033FAD2B30060300445041 /* Codable.swift */,
				CAA0AF872B21FAAB00A8E578 /* Message.swift */,
				CA76C1A02B1F5931000B451C /* String.swift */,
			);
			path = Helpers;
			sourceTree = "<group>";
		};
		CA30AC5D2B2019D200254F4F /* Request */ = {
			isa = PBXGroup;
			children = (
				CA76C1962B1AFE6D000B451C /* WebOSRequest.swift */,
				CA30AC5F2B2019FD00254F4F /* WebOSRequestManifest.swift */,
				CA30AC652B201A7800254F4F /* WebOSRequestPayload.swift */,
				CA30AC612B201A1F00254F4F /* WebOSRequestSignature.swift */,
				CA30AC632B201A3D00254F4F /* WebOSRequestSigned.swift */,
			);
			path = Request;
			sourceTree = "<group>";
		};
		CA30AC5E2B2019DA00254F4F /* Response */ = {
			isa = PBXGroup;
			children = (
				CA30AC5B2B2019CD00254F4F /* WebOSResponse.swift */,
				CA30AC672B201B1000254F4F /* WebOSResponsePayload.swift */,
				CA033FAB2B28ACE000445041 /* WebOSResponseApplication.swift */,
				CA02732E2B24C86F0086C353 /* WebOSResponseVolumeStatus.swift */,
			);
			path = Response;
			sourceTree = "<group>";
		};
		CA76C1982B1AFE72000B451C /* Models */ = {
			isa = PBXGroup;
			children = (
				CA30AC5D2B2019D200254F4F /* Request */,
				CA30AC5E2B2019DA00254F4F /* Response */,
			);
			path = Models;
			sourceTree = "<group>";
		};
		CA76C19C2B1B0484000B451C /* WebOSClient */ = {
			isa = PBXGroup;
			children = (
				CA76C19F2B1C983B000B451C /* Extensions */,
				CA76C1982B1AFE72000B451C /* Models */,
				CA0273262B2472470086C353 /* Protocols */,
				CA02731D2B2471080086C353 /* Targets */,
				CA02731C2B2470ED0086C353 /* Types */,
				CA94031C2B17864700260910 /* WebOSClient.swift */,
			);
			path = WebOSClient;
			sourceTree = "<group>";
		};
		CA76C19F2B1C983B000B451C /* Extensions */ = {
			isa = PBXGroup;
			children = (
				CA0273292B24727B0086C353 /* Helpers */,
				CA02732A2B24729F0086C353 /* WebOSClient+URLSessionDelegate.swift */,
			);
			path = Extensions;
			sourceTree = "<group>";
		};
		CA9403072B1785AA00260910 = {
			isa = PBXGroup;
			children = (
				CA9403122B1785AA00260910 /* WebOSTV */,
				CA9403112B1785AA00260910 /* Products */,
			);
			sourceTree = "<group>";
		};
		CA9403112B1785AA00260910 /* Products */ = {
			isa = PBXGroup;
			children = (
				CA9403102B1785AA00260910 /* WebOSTV */,
			);
			name = Products;
			sourceTree = "<group>";
		};
		CA9403122B1785AA00260910 /* WebOSTV */ = {
			isa = PBXGroup;
			children = (
				CA76C19C2B1B0484000B451C /* WebOSClient */,
				CA9403132B1785AA00260910 /* main.swift */,
			);
			path = WebOSTV;
			sourceTree = "<group>";
		};
/* End PBXGroup section */

/* Begin PBXNativeTarget section */
		CA94030F2B1785AA00260910 /* WebOSTV */ = {
			isa = PBXNativeTarget;
			buildConfigurationList = CA9403172B1785AA00260910 /* Build configuration list for PBXNativeTarget "WebOSTV" */;
			buildPhases = (
				CA94030C2B1785AA00260910 /* Sources */,
				CA94030D2B1785AA00260910 /* Frameworks */,
				CA94030E2B1785AA00260910 /* CopyFiles */,
			);
			buildRules = (
			);
			dependencies = (
			);
			name = WebOSTV;
			productName = WebOSTV;
			productReference = CA9403102B1785AA00260910 /* WebOSTV */;
			productType = "com.apple.product-type.tool";
		};
/* End PBXNativeTarget section */

/* Begin PBXProject section */
		CA9403082B1785AA00260910 /* Project object */ = {
			isa = PBXProject;
			attributes = {
				BuildIndependentTargetsInParallel = 1;
				LastSwiftUpdateCheck = 1500;
				LastUpgradeCheck = 1510;
				TargetAttributes = {
					CA94030F2B1785AA00260910 = {
						CreatedOnToolsVersion = 15.0.1;
					};
				};
			};
			buildConfigurationList = CA94030B2B1785AA00260910 /* Build configuration list for PBXProject "WebOSTV" */;
			compatibilityVersion = "Xcode 14.0";
			developmentRegion = en;
			hasScannedForEncodings = 0;
			knownRegions = (
				en,
				Base,
			);
			mainGroup = CA9403072B1785AA00260910;
			productRefGroup = CA9403112B1785AA00260910 /* Products */;
			projectDirPath = "";
			projectRoot = "";
			targets = (
				CA94030F2B1785AA00260910 /* WebOSTV */,
			);
		};
/* End PBXProject section */

/* Begin PBXSourcesBuildPhase section */
		CA94030C2B1785AA00260910 /* Sources */ = {
			isa = PBXSourcesBuildPhase;
			buildActionMask = 2147483647;
			files = (
				CA0273282B2472600086C353 /* WebOSClientDelegate.swift in Sources */,
				CA033FB82B30454500445041 /* WebOSKeyTargetExtension.swift in Sources */,
				CA02732F2B24C86F0086C353 /* WebOSResponseVolumeStatus.swift in Sources */,
				CA30AC602B2019FD00254F4F /* WebOSRequestManifest.swift in Sources */,
				CAA0AF882B21FAAB00A8E578 /* Message.swift in Sources */,
				CA76C1972B1AFE6D000B451C /* WebOSRequest.swift in Sources */,
				CA76C1A32B20A779000B451C /* WebOSTarget.swift in Sources */,
				CA30AC5C2B2019CD00254F4F /* WebOSResponse.swift in Sources */,
				CA30AC622B201A1F00254F4F /* WebOSRequestSignature.swift in Sources */,
				CA30AC682B201B1000254F4F /* WebOSResponsePayload.swift in Sources */,
				CA033FAE2B30060300445041 /* Codable.swift in Sources */,
				CA4C2F442B232D5800A218D4 /* ResponseType.swift in Sources */,
				CA0273252B24723B0086C353 /* WebOSClientProtocol.swift in Sources */,
				CA02731F2B2471720086C353 /* WebOSTargetProtocol.swift in Sources */,
				CA11DA9C2B256ED000994FCA /* SoundOutputType.swift in Sources */,
				CA0273222B2471C10086C353 /* WebOSTargetExtension.swift in Sources */,
				CA02732B2B24729F0086C353 /* WebOSClient+URLSessionDelegate.swift in Sources */,
				CA30AC642B201A3D00254F4F /* WebOSRequestSigned.swift in Sources */,
				CA033FB42B30448600445041 /* WebOSKeyTarget.swift in Sources */,
				CAA0AF8A2B2367DF00A8E578 /* RequestType.swift in Sources */,
				CA9403142B1785AA00260910 /* main.swift in Sources */,
				CA76C1A12B1F5931000B451C /* String.swift in Sources */,
				CA94031D2B17864700260910 /* WebOSClient.swift in Sources */,
				CA033FAC2B28ACE000445041 /* WebOSResponseApplication.swift in Sources */,
				CA30AC662B201A7800254F4F /* WebOSRequestPayload.swift in Sources */,
				CA033FB62B3044F800445041 /* WebOSKeyTargetProtocol.swift in Sources */,
			);
			runOnlyForDeploymentPostprocessing = 0;
		};
/* End PBXSourcesBuildPhase section */

/* Begin XCBuildConfiguration section */
		CA9403152B1785AA00260910 /* Debug */ = {
			isa = XCBuildConfiguration;
			buildSettings = {
				ALWAYS_SEARCH_USER_PATHS = NO;
				ASSETCATALOG_COMPILER_GENERATE_SWIFT_ASSET_SYMBOL_EXTENSIONS = YES;
				CLANG_ANALYZER_NONNULL = YES;
				CLANG_ANALYZER_NUMBER_OBJECT_CONVERSION = YES_AGGRESSIVE;
				CLANG_CXX_LANGUAGE_STANDARD = "gnu++20";
				CLANG_ENABLE_MODULES = YES;
				CLANG_ENABLE_OBJC_ARC = YES;
				CLANG_ENABLE_OBJC_WEAK = YES;
				CLANG_WARN_BLOCK_CAPTURE_AUTORELEASING = YES;
				CLANG_WARN_BOOL_CONVERSION = YES;
				CLANG_WARN_COMMA = YES;
				CLANG_WARN_CONSTANT_CONVERSION = YES;
				CLANG_WARN_DEPRECATED_OBJC_IMPLEMENTATIONS = YES;
				CLANG_WARN_DIRECT_OBJC_ISA_USAGE = YES_ERROR;
				CLANG_WARN_DOCUMENTATION_COMMENTS = YES;
				CLANG_WARN_EMPTY_BODY = YES;
				CLANG_WARN_ENUM_CONVERSION = YES;
				CLANG_WARN_INFINITE_RECURSION = YES;
				CLANG_WARN_INT_CONVERSION = YES;
				CLANG_WARN_NON_LITERAL_NULL_CONVERSION = YES;
				CLANG_WARN_OBJC_IMPLICIT_RETAIN_SELF = YES;
				CLANG_WARN_OBJC_LITERAL_CONVERSION = YES;
				CLANG_WARN_OBJC_ROOT_CLASS = YES_ERROR;
				CLANG_WARN_QUOTED_INCLUDE_IN_FRAMEWORK_HEADER = YES;
				CLANG_WARN_RANGE_LOOP_ANALYSIS = YES;
				CLANG_WARN_STRICT_PROTOTYPES = YES;
				CLANG_WARN_SUSPICIOUS_MOVE = YES;
				CLANG_WARN_UNGUARDED_AVAILABILITY = YES_AGGRESSIVE;
				CLANG_WARN_UNREACHABLE_CODE = YES;
				CLANG_WARN__DUPLICATE_METHOD_MATCH = YES;
				COPY_PHASE_STRIP = NO;
				DEAD_CODE_STRIPPING = YES;
				DEBUG_INFORMATION_FORMAT = dwarf;
				ENABLE_STRICT_OBJC_MSGSEND = YES;
				ENABLE_TESTABILITY = YES;
				ENABLE_USER_SCRIPT_SANDBOXING = YES;
				GCC_C_LANGUAGE_STANDARD = gnu17;
				GCC_DYNAMIC_NO_PIC = NO;
				GCC_NO_COMMON_BLOCKS = YES;
				GCC_OPTIMIZATION_LEVEL = 0;
				GCC_PREPROCESSOR_DEFINITIONS = (
					"DEBUG=1",
					"$(inherited)",
				);
				GCC_WARN_64_TO_32_BIT_CONVERSION = YES;
				GCC_WARN_ABOUT_RETURN_TYPE = YES_ERROR;
				GCC_WARN_UNDECLARED_SELECTOR = YES;
				GCC_WARN_UNINITIALIZED_AUTOS = YES_AGGRESSIVE;
				GCC_WARN_UNUSED_FUNCTION = YES;
				GCC_WARN_UNUSED_VARIABLE = YES;
				LOCALIZATION_PREFERS_STRING_CATALOGS = YES;
				MACOSX_DEPLOYMENT_TARGET = 14.0;
				MTL_ENABLE_DEBUG_INFO = INCLUDE_SOURCE;
				MTL_FAST_MATH = YES;
				ONLY_ACTIVE_ARCH = YES;
				SDKROOT = macosx;
				SWIFT_ACTIVE_COMPILATION_CONDITIONS = "DEBUG $(inherited)";
				SWIFT_OPTIMIZATION_LEVEL = "-Onone";
			};
			name = Debug;
		};
		CA9403162B1785AA00260910 /* Release */ = {
			isa = XCBuildConfiguration;
			buildSettings = {
				ALWAYS_SEARCH_USER_PATHS = NO;
				ASSETCATALOG_COMPILER_GENERATE_SWIFT_ASSET_SYMBOL_EXTENSIONS = YES;
				CLANG_ANALYZER_NONNULL = YES;
				CLANG_ANALYZER_NUMBER_OBJECT_CONVERSION = YES_AGGRESSIVE;
				CLANG_CXX_LANGUAGE_STANDARD = "gnu++20";
				CLANG_ENABLE_MODULES = YES;
				CLANG_ENABLE_OBJC_ARC = YES;
				CLANG_ENABLE_OBJC_WEAK = YES;
				CLANG_WARN_BLOCK_CAPTURE_AUTORELEASING = YES;
				CLANG_WARN_BOOL_CONVERSION = YES;
				CLANG_WARN_COMMA = YES;
				CLANG_WARN_CONSTANT_CONVERSION = YES;
				CLANG_WARN_DEPRECATED_OBJC_IMPLEMENTATIONS = YES;
				CLANG_WARN_DIRECT_OBJC_ISA_USAGE = YES_ERROR;
				CLANG_WARN_DOCUMENTATION_COMMENTS = YES;
				CLANG_WARN_EMPTY_BODY = YES;
				CLANG_WARN_ENUM_CONVERSION = YES;
				CLANG_WARN_INFINITE_RECURSION = YES;
				CLANG_WARN_INT_CONVERSION = YES;
				CLANG_WARN_NON_LITERAL_NULL_CONVERSION = YES;
				CLANG_WARN_OBJC_IMPLICIT_RETAIN_SELF = YES;
				CLANG_WARN_OBJC_LITERAL_CONVERSION = YES;
				CLANG_WARN_OBJC_ROOT_CLASS = YES_ERROR;
				CLANG_WARN_QUOTED_INCLUDE_IN_FRAMEWORK_HEADER = YES;
				CLANG_WARN_RANGE_LOOP_ANALYSIS = YES;
				CLANG_WARN_STRICT_PROTOTYPES = YES;
				CLANG_WARN_SUSPICIOUS_MOVE = YES;
				CLANG_WARN_UNGUARDED_AVAILABILITY = YES_AGGRESSIVE;
				CLANG_WARN_UNREACHABLE_CODE = YES;
				CLANG_WARN__DUPLICATE_METHOD_MATCH = YES;
				COPY_PHASE_STRIP = NO;
				DEAD_CODE_STRIPPING = YES;
				DEBUG_INFORMATION_FORMAT = "dwarf-with-dsym";
				ENABLE_NS_ASSERTIONS = NO;
				ENABLE_STRICT_OBJC_MSGSEND = YES;
				ENABLE_USER_SCRIPT_SANDBOXING = YES;
				GCC_C_LANGUAGE_STANDARD = gnu17;
				GCC_NO_COMMON_BLOCKS = YES;
				GCC_WARN_64_TO_32_BIT_CONVERSION = YES;
				GCC_WARN_ABOUT_RETURN_TYPE = YES_ERROR;
				GCC_WARN_UNDECLARED_SELECTOR = YES;
				GCC_WARN_UNINITIALIZED_AUTOS = YES_AGGRESSIVE;
				GCC_WARN_UNUSED_FUNCTION = YES;
				GCC_WARN_UNUSED_VARIABLE = YES;
				LOCALIZATION_PREFERS_STRING_CATALOGS = YES;
				MACOSX_DEPLOYMENT_TARGET = 14.0;
				MTL_ENABLE_DEBUG_INFO = NO;
				MTL_FAST_MATH = YES;
				SDKROOT = macosx;
				SWIFT_COMPILATION_MODE = wholemodule;
			};
			name = Release;
		};
		CA9403182B1785AA00260910 /* Debug */ = {
			isa = XCBuildConfiguration;
			buildSettings = {
				CODE_SIGN_STYLE = Automatic;
				DEAD_CODE_STRIPPING = YES;
				DEVELOPMENT_TEAM = 4NK62H99X6;
				ENABLE_HARDENED_RUNTIME = YES;
				PRODUCT_NAME = "$(TARGET_NAME)";
				SWIFT_VERSION = 5.0;
			};
			name = Debug;
		};
		CA9403192B1785AA00260910 /* Release */ = {
			isa = XCBuildConfiguration;
			buildSettings = {
				CODE_SIGN_STYLE = Automatic;
				DEAD_CODE_STRIPPING = YES;
				DEVELOPMENT_TEAM = 4NK62H99X6;
				ENABLE_HARDENED_RUNTIME = YES;
				PRODUCT_NAME = "$(TARGET_NAME)";
				SWIFT_VERSION = 5.0;
			};
			name = Release;
		};
/* End XCBuildConfiguration section */

/* Begin XCConfigurationList section */
		CA94030B2B1785AA00260910 /* Build configuration list for PBXProject "WebOSTV" */ = {
			isa = XCConfigurationList;
			buildConfigurations = (
				CA9403152B1785AA00260910 /* Debug */,
				CA9403162B1785AA00260910 /* Release */,
			);
			defaultConfigurationIsVisible = 0;
			defaultConfigurationName = Release;
		};
		CA9403172B1785AA00260910 /* Build configuration list for PBXNativeTarget "WebOSTV" */ = {
			isa = XCConfigurationList;
			buildConfigurations = (
				CA9403182B1785AA00260910 /* Debug */,
				CA9403192B1785AA00260910 /* Release */,
			);
			defaultConfigurationIsVisible = 0;
			defaultConfigurationName = Release;
		};
/* End XCConfigurationList section */
	};
	rootObject = CA9403082B1785AA00260910 /* Project object */;
}
